
Microsoft Visual Studio Solution File, Format Version 12.00
# Visual Studio Version 17
VisualStudioVersion = 17.9.34622.214
MinimumVisualStudioVersion = 10.0.40219.1
Project("{E53339B2-1760-4266-BCC7-CA923CBCF16C}") = "docker-compose", "docker-compose.dcproj", "{D798E6A7-529D-4738-9A7A-690E36A2A448}"
EndProject
Project("{9A19103F-16F7-4668-BE54-9A1E7A4F7556}") = "online-dictionary.Tests", "online-dictionary.Tests\online-dictionary.Tests.csproj", "{6E3C19D8-038D-467D-BC99-F445BEFF6665}"
EndProject
Project("{9A19103F-16F7-4668-BE54-9A1E7A4F7556}") = "online-dictionary", "online-dictionary\online-dictionary.csproj", "{8A1C124C-A329-4880-A436-A0C591F8B7B1}"
EndProject
Global
	GlobalSection(SolutionConfigurationPlatforms) = preSolution
		Debug|Any CPU = Debug|Any CPU
		Release|Any CPU = Release|Any CPU
	EndGlobalSection
	GlobalSection(ProjectConfigurationPlatforms) = postSolution
		{D798E6A7-529D-4738-9A7A-690E36A2A448}.Debug|Any CPU.ActiveCfg = Debug|Any CPU
		{D798E6A7-529D-4738-9A7A-690E36A2A448}.Debug|Any CPU.Build.0 = Debug|Any CPU
		{D798E6A7-529D-4738-9A7A-690E36A2A448}.Release|Any CPU.ActiveCfg = Release|Any CPU
		{D798E6A7-529D-4738-9A7A-690E36A2A448}.Release|Any CPU.Build.0 = Release|Any CPU
		{6E3C19D8-038D-467D-BC99-F445BEFF6665}.Debug|Any CPU.ActiveCfg = Debug|Any CPU
		{6E3C19D8-038D-467D-BC99-F445BEFF6665}.Debug|Any CPU.Build.0 = Debug|Any CPU
		{6E3C19D8-038D-467D-BC99-F445BEFF6665}.Release|Any CPU.ActiveCfg = Release|Any CPU
		{6E3C19D8-038D-467D-BC99-F445BEFF6665}.Release|Any CPU.Build.0 = Release|Any CPU
		{8A1C124C-A329-4880-A436-A0C591F8B7B1}.Debug|Any CPU.ActiveCfg = Debug|Any CPU
		{8A1C124C-A329-4880-A436-A0C591F8B7B1}.Debug|Any CPU.Build.0 = Debug|Any CPU
		{8A1C124C-A329-4880-A436-A0C591F8B7B1}.Release|Any CPU.ActiveCfg = Release|Any CPU
		{8A1C124C-A329-4880-A436-A0C591F8B7B1}.Release|Any CPU.Build.0 = Release|Any CPU
	EndGlobalSection
	GlobalSection(SolutionProperties) = preSolution
		HideSolutionNode = FALSE
	EndGlobalSection
	GlobalSection(ExtensibilityGlobals) = postSolution
		SolutionGuid = {5B87550B-3E08-423C-AD80-97B5EFC46145}
	EndGlobalSection
EndGlobal
