
Microsoft Visual Studio Solution File, Format Version 12.00
# Visual Studio Version 17
VisualStudioVersion = 17.9.34622.214
MinimumVisualStudioVersion = 10.0.40219.1
Project("{FAE04EC0-301F-11D3-BF4B-00C04F79EFBC}") = "online-dictionary", "online-dictionary\online-dictionary.csproj", "{48EFA1A9-3D8D-457A-8BC2-521FE60BE9A2}"
EndProject
Global
	GlobalSection(SolutionConfigurationPlatforms) = preSolution
		Debug|Any CPU = Debug|Any CPU
		Release|Any CPU = Release|Any CPU
	EndGlobalSection
	GlobalSection(ProjectConfigurationPlatforms) = postSolution
		{48EFA1A9-3D8D-457A-8BC2-521FE60BE9A2}.Debug|Any CPU.ActiveCfg = Debug|Any CPU
		{48EFA1A9-3D8D-457A-8BC2-521FE60BE9A2}.Debug|Any CPU.Build.0 = Debug|Any CPU
		{48EFA1A9-3D8D-457A-8BC2-521FE60BE9A2}.Release|Any CPU.ActiveCfg = Release|Any CPU
		{48EFA1A9-3D8D-457A-8BC2-521FE60BE9A2}.Release|Any CPU.Build.0 = Release|Any CPU
	EndGlobalSection
	GlobalSection(SolutionProperties) = preSolution
		HideSolutionNode = FALSE
	EndGlobalSection
	GlobalSection(ExtensibilityGlobals) = postSolution
		SolutionGuid = {5B87550B-3E08-423C-AD80-97B5EFC46145}
	EndGlobalSection
EndGlobal
